
Microsoft Visual Studio Solution File, Format Version 12.00
# Visual Studio 2013
VisualStudioVersion = 12.0.30723.0
MinimumVisualStudioVersion = 10.0.40219.1
Project("{FAE04EC0-301F-11D3-BF4B-00C04F79EFBC}") = "ED", "ED\ED.csproj", "{8461AC47-75BC-412E-AF9B-4C6723585ACD}"
EndProject
Project("{FAE04EC0-301F-11D3-BF4B-00C04F79EFBC}") = "Data", "Data\Data.csproj", "{374B245D-B82D-4ADB-85B4-81CDB3966295}"
EndProject
Project("{FAE04EC0-301F-11D3-BF4B-00C04F79EFBC}") = "Parser", "Parser\Parser.csproj", "{1B0701AC-C4D8-4113-88F7-21A647D43763}"
EndProject
Global
	GlobalSection(SolutionConfigurationPlatforms) = preSolution
		Debug|Any CPU = Debug|Any CPU
		Release|Any CPU = Release|Any CPU
	EndGlobalSection
	GlobalSection(ProjectConfigurationPlatforms) = postSolution
		{8461AC47-75BC-412E-AF9B-4C6723585ACD}.Debug|Any CPU.ActiveCfg = Debug|Any CPU
		{8461AC47-75BC-412E-AF9B-4C6723585ACD}.Debug|Any CPU.Build.0 = Debug|Any CPU
		{8461AC47-75BC-412E-AF9B-4C6723585ACD}.Release|Any CPU.ActiveCfg = Release|Any CPU
		{8461AC47-75BC-412E-AF9B-4C6723585ACD}.Release|Any CPU.Build.0 = Release|Any CPU
		{374B245D-B82D-4ADB-85B4-81CDB3966295}.Debug|Any CPU.ActiveCfg = Debug|Any CPU
		{374B245D-B82D-4ADB-85B4-81CDB3966295}.Debug|Any CPU.Build.0 = Debug|Any CPU
		{374B245D-B82D-4ADB-85B4-81CDB3966295}.Release|Any CPU.ActiveCfg = Release|Any CPU
		{374B245D-B82D-4ADB-85B4-81CDB3966295}.Release|Any CPU.Build.0 = Release|Any CPU
		{1B0701AC-C4D8-4113-88F7-21A647D43763}.Debug|Any CPU.ActiveCfg = Debug|Any CPU
		{1B0701AC-C4D8-4113-88F7-21A647D43763}.Debug|Any CPU.Build.0 = Debug|Any CPU
		{1B0701AC-C4D8-4113-88F7-21A647D43763}.Release|Any CPU.ActiveCfg = Release|Any CPU
		{1B0701AC-C4D8-4113-88F7-21A647D43763}.Release|Any CPU.Build.0 = Release|Any CPU
	EndGlobalSection
	GlobalSection(SolutionProperties) = preSolution
		HideSolutionNode = FALSE
	EndGlobalSection
EndGlobal
